
Microsoft Visual Studio Solution File, Format Version 12.00
# Visual Studio Express 15 for Windows Desktop
VisualStudioVersion = 15.0.28307.645
MinimumVisualStudioVersion = 10.0.40219.1
Project("{FAE04EC0-301F-11D3-BF4B-00C04F79EFBC}") = "api call", "api call\api call.csproj", "{8ACE7870-E010-448E-A4BB-393F95C5FF80}"
EndProject
Global
	GlobalSection(SolutionConfigurationPlatforms) = preSolution
		Debug|Any CPU = Debug|Any CPU
		Release|Any CPU = Release|Any CPU
	EndGlobalSection
	GlobalSection(ProjectConfigurationPlatforms) = postSolution
		{8ACE7870-E010-448E-A4BB-393F95C5FF80}.Debug|Any CPU.ActiveCfg = Debug|Any CPU
		{8ACE7870-E010-448E-A4BB-393F95C5FF80}.Debug|Any CPU.Build.0 = Debug|Any CPU
		{8ACE7870-E010-448E-A4BB-393F95C5FF80}.Release|Any CPU.ActiveCfg = Release|Any CPU
		{8ACE7870-E010-448E-A4BB-393F95C5FF80}.Release|Any CPU.Build.0 = Release|Any CPU
	EndGlobalSection
	GlobalSection(SolutionProperties) = preSolution
		HideSolutionNode = FALSE
	EndGlobalSection
	GlobalSection(ExtensibilityGlobals) = postSolution
		SolutionGuid = {DEF42C1F-8311-4E2D-B15D-BF89E40B9440}
	EndGlobalSection
EndGlobal
